Microsoft Visual Studio Solution File, Format Version 11.00
# Visual Studio 2008

Project("{7F00B429-E992-D73A-FA54-5CD0BB8B6635}") = "FSF", "Assembly-CSharp-firstpass.csproj", "{DE419330-2E49-5FE4-E558-0BE8DB9602BF}"
EndProject
Project("{7F00B429-E992-D73A-FA54-5CD0BB8B6635}") = "FSF", "Assembly-CSharp.csproj", "{5B3E89C5-CFD1-7908-0F6E-951C4F74F6CD}"
EndProject
Project("{7F00B429-E992-D73A-FA54-5CD0BB8B6635}") = "FSF", "Assembly-CSharp-Editor.csproj", "{F0DBDDB3-8BB4-5088-97E4-D80E84045E5C}"
EndProject
Project("{7F00B429-E992-D73A-FA54-5CD0BB8B6635}") = "FSF", "Assembly-UnityScript-firstpass.unityproj", "{75EEBC0A-6F55-2661-337A-2D4678E41D2E}"
EndProject
Project("{7F00B429-E992-D73A-FA54-5CD0BB8B6635}") = "FSF", "Assembly-UnityScript.unityproj", "{F3B866A7-4F35-0873-96BF-5E2AC6C6A922}"
EndProject
Global
	GlobalSection(SolutionConfigurationPlatforms) = preSolution
		Debug|Any CPU = Debug|Any CPU
		Release|Any CPU = Release|Any CPU
	EndGlobalSection
	GlobalSection(ProjectConfigurationPlatforms) = postSolution
		{DE419330-2E49-5FE4-E558-0BE8DB9602BF}.Debug|Any CPU.ActiveCfg = Debug|Any CPU
		{DE419330-2E49-5FE4-E558-0BE8DB9602BF}.Debug|Any CPU.Build.0 = Debug|Any CPU
		{DE419330-2E49-5FE4-E558-0BE8DB9602BF}.Release|Any CPU.ActiveCfg = Release|Any CPU
		{DE419330-2E49-5FE4-E558-0BE8DB9602BF}.Release|Any CPU.Build.0 = Release|Any CPU
		{5B3E89C5-CFD1-7908-0F6E-951C4F74F6CD}.Debug|Any CPU.ActiveCfg = Debug|Any CPU
		{5B3E89C5-CFD1-7908-0F6E-951C4F74F6CD}.Debug|Any CPU.Build.0 = Debug|Any CPU
		{5B3E89C5-CFD1-7908-0F6E-951C4F74F6CD}.Release|Any CPU.ActiveCfg = Release|Any CPU
		{5B3E89C5-CFD1-7908-0F6E-951C4F74F6CD}.Release|Any CPU.Build.0 = Release|Any CPU
		{F0DBDDB3-8BB4-5088-97E4-D80E84045E5C}.Debug|Any CPU.ActiveCfg = Debug|Any CPU
		{F0DBDDB3-8BB4-5088-97E4-D80E84045E5C}.Debug|Any CPU.Build.0 = Debug|Any CPU
		{F0DBDDB3-8BB4-5088-97E4-D80E84045E5C}.Release|Any CPU.ActiveCfg = Release|Any CPU
		{F0DBDDB3-8BB4-5088-97E4-D80E84045E5C}.Release|Any CPU.Build.0 = Release|Any CPU
		{75EEBC0A-6F55-2661-337A-2D4678E41D2E}.Debug|Any CPU.ActiveCfg = Debug|Any CPU
		{75EEBC0A-6F55-2661-337A-2D4678E41D2E}.Debug|Any CPU.Build.0 = Debug|Any CPU
		{75EEBC0A-6F55-2661-337A-2D4678E41D2E}.Release|Any CPU.ActiveCfg = Release|Any CPU
		{75EEBC0A-6F55-2661-337A-2D4678E41D2E}.Release|Any CPU.Build.0 = Release|Any CPU
		{F3B866A7-4F35-0873-96BF-5E2AC6C6A922}.Debug|Any CPU.ActiveCfg = Debug|Any CPU
		{F3B866A7-4F35-0873-96BF-5E2AC6C6A922}.Debug|Any CPU.Build.0 = Debug|Any CPU
		{F3B866A7-4F35-0873-96BF-5E2AC6C6A922}.Release|Any CPU.ActiveCfg = Release|Any CPU
		{F3B866A7-4F35-0873-96BF-5E2AC6C6A922}.Release|Any CPU.Build.0 = Release|Any CPU
	EndGlobalSection
	GlobalSection(SolutionProperties) = preSolution
		HideSolutionNode = FALSE
	EndGlobalSection
																														GlobalSection(MonoDevelopProperties) = preSolution
		StartupItem = Assembly-CSharp.csproj
		Policies = $0
		$0.TextStylePolicy = $1
		$1.inheritsSet = null
		$1.scope = text/x-csharp
		$0.CSharpFormattingPolicy = $2
		$2.inheritsSet = Mono
		$2.inheritsScope = text/x-csharp
		$2.scope = text/x-csharp
		$0.TextStylePolicy = $3
		$3.FileWidth = 120
		$3.TabWidth = 4
		$3.EolMarker = Unix
		$3.inheritsSet = Mono
		$3.inheritsScope = text/plain
		$3.scope = text/plain
	EndGlobalSection

EndGlobal
